
Microsoft Visual Studio Solution File, Format Version 12.00
# Visual Studio Version 17
VisualStudioVersion = 17.5.33516.290
MinimumVisualStudioVersion = 10.0.40219.1
Project("{2150E333-8FDC-42A3-9474-1A3956D46DE8}") = "src", "src", "{6C343BBB-2F44-451F-981C-637C9BC6E3AF}"
EndProject
Project("{9A19103F-16F7-4668-BE54-9A1E7A4F7556}") = "MyClinic.Api", "src\MyClinic.Api\MyClinic.Api.csproj", "{0EC50777-03C7-4FF0-A2E1-DB7BE372CC3D}"
EndProject
Project("{9A19103F-16F7-4668-BE54-9A1E7A4F7556}") = "MyClinic.Domain", "src\MyClinic.Domain\MyClinic.Domain.csproj", "{34593F91-0D9E-43C0-A61B-E3914168FD76}"
EndProject
Project("{FAE04EC0-301F-11D3-BF4B-00C04F79EFBC}") = "MyClinic.Application", "src\MyClinic.Application\MyClinic.Application.csproj", "{0FE41ACD-2006-4FA0-93A4-FB418927665A}"
EndProject
Project("{FAE04EC0-301F-11D3-BF4B-00C04F79EFBC}") = "MyClinic.Infrastructure", "src\MyClinic.Infrastructure\MyClinic.Infrastructure.csproj", "{6328B42A-B11C-48F6-ACF0-FE599548B994}"
EndProject
Project("{FAE04EC0-301F-11D3-BF4B-00C04F79EFBC}") = "MyClinic.Persistence", "src\MyClinic.Persistence\MyClinic.Persistence.csproj", "{6BC67B18-13E8-4290-8089-D9AC988DD5DC}"
EndProject
Project("{2150E333-8FDC-42A3-9474-1A3956D46DE8}") = "test", "test", "{52C388BF-E9ED-459F-BAB3-690EA4FFBE92}"
EndProject
Project("{9A19103F-16F7-4668-BE54-9A1E7A4F7556}") = "MyClinic.Tests", "test\MyClinic.Tests\MyClinic.Tests.csproj", "{22C159AB-A9C0-4AE2-8276-CA7FFAB23344}"
EndProject
Project("{9A19103F-16F7-4668-BE54-9A1E7A4F7556}") = "MyClinic.AcceptanceTests", "test\MyClinic.AcceptanceTests\MyClinic.AcceptanceTests.csproj", "{94211293-EA4A-4FEA-B055-246458EB686A}"
EndProject
Project("{FAE04EC0-301F-11D3-BF4B-00C04F79EFBC}") = "MyClinic.Domain.Tests", "test\MyClinic.Domain.Tests\MyClinic.Domain.Tests.csproj", "{DE193FE7-A368-4FCC-9192-0C7946E7AC18}"
EndProject
Global
	GlobalSection(SolutionConfigurationPlatforms) = preSolution
		Debug|Any CPU = Debug|Any CPU
		Release|Any CPU = Release|Any CPU
	EndGlobalSection
	GlobalSection(ProjectConfigurationPlatforms) = postSolution
		{0EC50777-03C7-4FF0-A2E1-DB7BE372CC3D}.Debug|Any CPU.ActiveCfg = Debug|Any CPU
		{0EC50777-03C7-4FF0-A2E1-DB7BE372CC3D}.Debug|Any CPU.Build.0 = Debug|Any CPU
		{0EC50777-03C7-4FF0-A2E1-DB7BE372CC3D}.Release|Any CPU.ActiveCfg = Release|Any CPU
		{0EC50777-03C7-4FF0-A2E1-DB7BE372CC3D}.Release|Any CPU.Build.0 = Release|Any CPU
		{34593F91-0D9E-43C0-A61B-E3914168FD76}.Debug|Any CPU.ActiveCfg = Debug|Any CPU
		{34593F91-0D9E-43C0-A61B-E3914168FD76}.Debug|Any CPU.Build.0 = Debug|Any CPU
		{34593F91-0D9E-43C0-A61B-E3914168FD76}.Release|Any CPU.ActiveCfg = Release|Any CPU
		{34593F91-0D9E-43C0-A61B-E3914168FD76}.Release|Any CPU.Build.0 = Release|Any CPU
		{0FE41ACD-2006-4FA0-93A4-FB418927665A}.Debug|Any CPU.ActiveCfg = Debug|Any CPU
		{0FE41ACD-2006-4FA0-93A4-FB418927665A}.Debug|Any CPU.Build.0 = Debug|Any CPU
		{0FE41ACD-2006-4FA0-93A4-FB418927665A}.Release|Any CPU.ActiveCfg = Release|Any CPU
		{0FE41ACD-2006-4FA0-93A4-FB418927665A}.Release|Any CPU.Build.0 = Release|Any CPU
		{6328B42A-B11C-48F6-ACF0-FE599548B994}.Debug|Any CPU.ActiveCfg = Debug|Any CPU
		{6328B42A-B11C-48F6-ACF0-FE599548B994}.Debug|Any CPU.Build.0 = Debug|Any CPU
		{6328B42A-B11C-48F6-ACF0-FE599548B994}.Release|Any CPU.ActiveCfg = Release|Any CPU
		{6328B42A-B11C-48F6-ACF0-FE599548B994}.Release|Any CPU.Build.0 = Release|Any CPU
		{6BC67B18-13E8-4290-8089-D9AC988DD5DC}.Debug|Any CPU.ActiveCfg = Debug|Any CPU
		{6BC67B18-13E8-4290-8089-D9AC988DD5DC}.Debug|Any CPU.Build.0 = Debug|Any CPU
		{6BC67B18-13E8-4290-8089-D9AC988DD5DC}.Release|Any CPU.ActiveCfg = Release|Any CPU
		{6BC67B18-13E8-4290-8089-D9AC988DD5DC}.Release|Any CPU.Build.0 = Release|Any CPU
		{22C159AB-A9C0-4AE2-8276-CA7FFAB23344}.Debug|Any CPU.ActiveCfg = Debug|Any CPU
		{22C159AB-A9C0-4AE2-8276-CA7FFAB23344}.Debug|Any CPU.Build.0 = Debug|Any CPU
		{22C159AB-A9C0-4AE2-8276-CA7FFAB23344}.Release|Any CPU.ActiveCfg = Release|Any CPU
		{22C159AB-A9C0-4AE2-8276-CA7FFAB23344}.Release|Any CPU.Build.0 = Release|Any CPU
		{94211293-EA4A-4FEA-B055-246458EB686A}.Debug|Any CPU.ActiveCfg = Debug|Any CPU
		{94211293-EA4A-4FEA-B055-246458EB686A}.Debug|Any CPU.Build.0 = Debug|Any CPU
		{94211293-EA4A-4FEA-B055-246458EB686A}.Release|Any CPU.ActiveCfg = Release|Any CPU
		{94211293-EA4A-4FEA-B055-246458EB686A}.Release|Any CPU.Build.0 = Release|Any CPU
		{DE193FE7-A368-4FCC-9192-0C7946E7AC18}.Debug|Any CPU.ActiveCfg = Debug|Any CPU
		{DE193FE7-A368-4FCC-9192-0C7946E7AC18}.Debug|Any CPU.Build.0 = Debug|Any CPU
		{DE193FE7-A368-4FCC-9192-0C7946E7AC18}.Release|Any CPU.ActiveCfg = Release|Any CPU
		{DE193FE7-A368-4FCC-9192-0C7946E7AC18}.Release|Any CPU.Build.0 = Release|Any CPU
	EndGlobalSection
	GlobalSection(SolutionProperties) = preSolution
		HideSolutionNode = FALSE
	EndGlobalSection
	GlobalSection(NestedProjects) = preSolution
		{0EC50777-03C7-4FF0-A2E1-DB7BE372CC3D} = {6C343BBB-2F44-451F-981C-637C9BC6E3AF}
		{34593F91-0D9E-43C0-A61B-E3914168FD76} = {6C343BBB-2F44-451F-981C-637C9BC6E3AF}
		{0FE41ACD-2006-4FA0-93A4-FB418927665A} = {6C343BBB-2F44-451F-981C-637C9BC6E3AF}
		{6328B42A-B11C-48F6-ACF0-FE599548B994} = {6C343BBB-2F44-451F-981C-637C9BC6E3AF}
		{6BC67B18-13E8-4290-8089-D9AC988DD5DC} = {6C343BBB-2F44-451F-981C-637C9BC6E3AF}
		{22C159AB-A9C0-4AE2-8276-CA7FFAB23344} = {52C388BF-E9ED-459F-BAB3-690EA4FFBE92}
		{94211293-EA4A-4FEA-B055-246458EB686A} = {52C388BF-E9ED-459F-BAB3-690EA4FFBE92}
		{DE193FE7-A368-4FCC-9192-0C7946E7AC18} = {52C388BF-E9ED-459F-BAB3-690EA4FFBE92}
	EndGlobalSection
	GlobalSection(ExtensibilityGlobals) = postSolution
		SolutionGuid = {2D784111-6BCA-4D3A-913D-27B5D8E40FB2}
	EndGlobalSection
EndGlobal
