
Microsoft Visual Studio Solution File, Format Version 12.00
# Visual Studio Version 17
VisualStudioVersion = 17.5.33516.290
MinimumVisualStudioVersion = 10.0.40219.1
Project("{FAE04EC0-301F-11D3-BF4B-00C04F79EFBC}") = "MyClinic.Api", "MyClinic.Api.csproj", "{203C969C-9D12-47C5-8E61-E9A9598864E3}"
EndProject
Project("{2150E333-8FDC-42A3-9474-1A3956D46DE8}") = "src", "src", "{1F3AF589-5A5E-40D4-BB38-D924B1E541C5}"
EndProject
Project("{FAE04EC0-301F-11D3-BF4B-00C04F79EFBC}") = "MyClinic.Domain", "..\src\MyClinic.Domain\MyClinic.Domain.csproj", "{45010235-EA0B-4440-91AA-29143D1E498A}"
EndProject
Global
	GlobalSection(SolutionConfigurationPlatforms) = preSolution
		Debug|Any CPU = Debug|Any CPU
		Release|Any CPU = Release|Any CPU
	EndGlobalSection
	GlobalSection(ProjectConfigurationPlatforms) = postSolution
		{203C969C-9D12-47C5-8E61-E9A9598864E3}.Debug|Any CPU.ActiveCfg = Debug|Any CPU
		{203C969C-9D12-47C5-8E61-E9A9598864E3}.Debug|Any CPU.Build.0 = Debug|Any CPU
		{203C969C-9D12-47C5-8E61-E9A9598864E3}.Release|Any CPU.ActiveCfg = Release|Any CPU
		{203C969C-9D12-47C5-8E61-E9A9598864E3}.Release|Any CPU.Build.0 = Release|Any CPU
		{45010235-EA0B-4440-91AA-29143D1E498A}.Debug|Any CPU.ActiveCfg = Debug|Any CPU
		{45010235-EA0B-4440-91AA-29143D1E498A}.Debug|Any CPU.Build.0 = Debug|Any CPU
		{45010235-EA0B-4440-91AA-29143D1E498A}.Release|Any CPU.ActiveCfg = Release|Any CPU
		{45010235-EA0B-4440-91AA-29143D1E498A}.Release|Any CPU.Build.0 = Release|Any CPU
	EndGlobalSection
	GlobalSection(SolutionProperties) = preSolution
		HideSolutionNode = FALSE
	EndGlobalSection
	GlobalSection(NestedProjects) = preSolution
		{203C969C-9D12-47C5-8E61-E9A9598864E3} = {1F3AF589-5A5E-40D4-BB38-D924B1E541C5}
		{45010235-EA0B-4440-91AA-29143D1E498A} = {1F3AF589-5A5E-40D4-BB38-D924B1E541C5}
	EndGlobalSection
	GlobalSection(ExtensibilityGlobals) = postSolution
		SolutionGuid = {2D784111-6BCA-4D3A-913D-27B5D8E40FB2}
	EndGlobalSection
EndGlobal
